// !$*UTF8*$!
{
	archiveVersion = 1;
	classes = {
	};
	objectVersion = 77;
	objects = {

/* Begin PBXBuildFile section */
		00D1E994F3E374F8A6AAC5A4 /* MutationQueueView.swift in Sources */ = {isa = PBXBuildFile; fileRef = AA6874ED1F8085A6B93D787F /* MutationQueueView.swift */; };
		02383DF375672D466E892964 /* InvoicesView.swift in Sources */ = {isa = PBXBuildFile; fileRef = 8E373112C0D6915E07A63BB7 /* InvoicesView.swift */; };
		0881510438D601850A088705 /* Session.swift in Sources */ = {isa = PBXBuildFile; fileRef = 0CAA6FA333EBE0947402B172 /* Session.swift */; };
		1002E114F29E38BCE1142573 /* SetupWizardView.swift in Sources */ = {isa = PBXBuildFile; fileRef = 263760256715853463A4C959 /* SetupWizardView.swift */; };
		13668D58A8976858B6C018E4 /* ClientsView.swift in Sources */ = {isa = PBXBuildFile; fileRef = D2B3D9B8E955AFF9F53F5938 /* ClientsView.swift */; };
		15F94707AD64D231E483DABD /* ProfileSettingsUITests.swift in Sources */ = {isa = PBXBuildFile; fileRef = A922510000B9F87A8F704EDF /* ProfileSettingsUITests.swift */; };
		1AD8A7AEE9BA328B900FD86C /* AppMainView.swift in Sources */ = {isa = PBXBuildFile; fileRef = 62E639CF608C792A2E21318D /* AppMainView.swift */; };
		1D9520BC39E43D1FC7560525 /* InvoiceService.swift in Sources */ = {isa = PBXBuildFile; fileRef = 1B105EA636489A38FE08DC35 /* InvoiceService.swift */; };
		1E8EBE3D681634D60020BDB3 /* Inventory.swift in Sources */ = {isa = PBXBuildFile; fileRef = 8E58AE54AA0A39F0508C0501 /* Inventory.swift */; };
		242A9FF7E01C224475D3DC75 /* ConsentPDFBuilder.swift in Sources */ = {isa = PBXBuildFile; fileRef = C6080AA0D95193A72BC50AE7 /* ConsentPDFBuilder.swift */; };
		2BE184A94DAF2E5DE205BB69 /* LegalDocsView.swift in Sources */ = {isa = PBXBuildFile; fileRef = B8626ACF93B2719A1518FE61 /* LegalDocsView.swift */; };
		2E1B424C68A686907CBAF5E4 /* ConsentFlowView.swift in Sources */ = {isa = PBXBuildFile; fileRef = 1398D7556E16DB890AAE61B2 /* ConsentFlowView.swift */; };
		2F792E26F17EE1EB24B61F73 /* ConnectivityState.swift in Sources */ = {isa = PBXBuildFile; fileRef = 10775D73E2ADDADBE80DF136 /* ConnectivityState.swift */; };
		327BF7DB8FC80A0EEFD5B182 /* HCPilotApp.swift in Sources */ = {isa = PBXBuildFile; fileRef = 2EBA76C5AD8AF900767A1A10 /* HCPilotApp.swift */; };
		35EED2977DF5C206B4CFD578 /* InvoicePDFBuilder.swift in Sources */ = {isa = PBXBuildFile; fileRef = 33B4B70646F3EA75579DD811 /* InvoicePDFBuilder.swift */; };
		36560BB84BE078B7C9F5A01B /* MedicalDirectorEditViewTests.swift in Sources */ = {isa = PBXBuildFile; fileRef = A864B94E5343FF7BD9AFA59D /* MedicalDirectorEditViewTests.swift */; };
		3F1B49B34ED87D840934E818 /* AddressAutocompleteField.swift in Sources */ = {isa = PBXBuildFile; fileRef = 5706CE8403DE49E801256CF8 /* AddressAutocompleteField.swift */; };
		41866FB1281A5A6D73FBC1F2 /* ValidatorsTests.swift in Sources */ = {isa = PBXBuildFile; fileRef = 8E1B42BBD417770BA894D0F0 /* ValidatorsTests.swift */; };
		440EA6F95C2517FC20E54423 /* LotUsageSheet.swift in Sources */ = {isa = PBXBuildFile; fileRef = DBB65B7FBE988B37F269EE6F /* LotUsageSheet.swift */; };
		4654A2CD557B5D48FF8E24F9 /* SessionUnauthorizedTests.swift in Sources */ = {isa = PBXBuildFile; fileRef = 971764E1BC2246839AB9143E /* SessionUnauthorizedTests.swift */; };
		4BE8C273C698C218C10AF8FD /* Validators.swift in Sources */ = {isa = PBXBuildFile; fileRef = 0FCF4233970FC38F85A39CF1 /* Validators.swift */; };
		4FBFB3C3C1AF1710F1BA8FBA /* InvoiceLocalStore.swift in Sources */ = {isa = PBXBuildFile; fileRef = 84D6EEFD9287FF131260D73A /* InvoiceLocalStore.swift */; };
		53C3653CE4E755040B26138E /* SecuritySettingsTests.swift in Sources */ = {isa = PBXBuildFile; fileRef = B69C58EBCD2ADA4C8F5B7F84 /* SecuritySettingsTests.swift */; };
		53E4DCB80C5B467AEC30C2D3 /* SecureStorage.swift in Sources */ = {isa = PBXBuildFile; fileRef = 868DD3DBCB41C050C102B8F8 /* SecureStorage.swift */; };
		54D94A2AA8522B9586B37C28 /* LocationService.swift in Sources */ = {isa = PBXBuildFile; fileRef = 627009E0153837A18145BB56 /* LocationService.swift */; };
		575428B0F277DF8D24B17194 /* ChipMultiSelect.swift in Sources */ = {isa = PBXBuildFile; fileRef = 802D0256CC4CD3CF06F1481B /* ChipMultiSelect.swift */; };
		5899B4F097AF432E8698FA26 /* InventoryListView.swift in Sources */ = {isa = PBXBuildFile; fileRef = 862958EFD0C902494DADA21B /* InventoryListView.swift */; };
		59868FF981C7620E68ECD2E3 /* OnboardingState.swift in Sources */ = {isa = PBXBuildFile; fileRef = 9E938BA14366290CD5AD4F35 /* OnboardingState.swift */; };
		60E0B5389B7E89B58368BFB8 /* SyncStatusBadge.swift in Sources */ = {isa = PBXBuildFile; fileRef = 67BAB4CE1C5BAD7B5CB7BC8C /* SyncStatusBadge.swift */; };
		616EC2C2F09A2A1EA56F2A10 /* ProfileView.swift in Sources */ = {isa = PBXBuildFile; fileRef = 29152DF7F8E22F3D210F5966 /* ProfileView.swift */; };
		6DD2DA60AD37CC1E15891718 /* ComplianceDashboardView.swift in Sources */ = {isa = PBXBuildFile; fileRef = F9E4784C59A03E574D23CF8C /* ComplianceDashboardView.swift */; };
		70EB0608E7666EC460903327 /* LowStockSheet.swift in Sources */ = {isa = PBXBuildFile; fileRef = 1F2631E977A59E57CF5C23D6 /* LowStockSheet.swift */; };
		71891B4A70B7F264274D981C /* ComplianceDashboardUITests.swift in Sources */ = {isa = PBXBuildFile; fileRef = EC8490829C0AA5DCD3F63E84 /* ComplianceDashboardUITests.swift */; };
		7256B32D534745BE46268BC5 /* APIDTOs.swift in Sources */ = {isa = PBXBuildFile; fileRef = 6D273D1208167485D69DE1C9 /* APIDTOs.swift */; };
		73FA05B818A35AF4E78A182B /* AuthViewModel.swift in Sources */ = {isa = PBXBuildFile; fileRef = 016D363586EE716D83B0B563 /* AuthViewModel.swift */; };
		7400548F5FCDFC04127C4F01 /* AuditLogsUITests.swift in Sources */ = {isa = PBXBuildFile; fileRef = B03BFDD51EC17E0082B82107 /* AuditLogsUITests.swift */; };
		7682B30ADA57EF57B75DF8BE /* InventoryLotUITests.swift in Sources */ = {isa = PBXBuildFile; fileRef = C79A43452DEB9E8540649179 /* InventoryLotUITests.swift */; };
		78B686C32BC2407F8FCEF4D0 /* ClientCreationUITests.swift in Sources */ = {isa = PBXBuildFile; fileRef = E4183E53C2F7AA6B0C625834 /* ClientCreationUITests.swift */; };
		78E6CEBF17D65809D12F2DBE /* User.swift in Sources */ = {isa = PBXBuildFile; fileRef = 1B54EFFAF411540FE9B98D8C /* User.swift */; };
		7F2C21493E81EDE6F0019770 /* OnboardingGateTests.swift in Sources */ = {isa = PBXBuildFile; fileRef = E62B9BD851D3142A57897810 /* OnboardingGateTests.swift */; };
		7FDFEA4958061B99CE1B383E /* SupplierSettingsView.swift in Sources */ = {isa = PBXBuildFile; fileRef = 1E88B4C86E86DA627EBC2C56 /* SupplierSettingsView.swift */; };
		8175E719B95D7573825A3B47 /* MutationQueue.swift in Sources */ = {isa = PBXBuildFile; fileRef = 095921805606A482EFB242F9 /* MutationQueue.swift */; };
		818BB122E852CA4B52636E02 /* SessionFormView.swift in Sources */ = {isa = PBXBuildFile; fileRef = F5F1B358CACE5A26BF5275C2 /* SessionFormView.swift */; };
		837B9DFF5169C12A2B02029C /* OfflineBehaviorUITests.swift in Sources */ = {isa = PBXBuildFile; fileRef = F7E6D4F2435777CFD3653001 /* OfflineBehaviorUITests.swift */; };
		84EB4B2027557D7949F6EA07 /* OnboardingUITests.swift in Sources */ = {isa = PBXBuildFile; fileRef = 0CF06387AA1125A0B963104E /* OnboardingUITests.swift */; };
		8508DBFEF1D7D08A09F396FC /* MutationQueueDedupeTests.swift in Sources */ = {isa = PBXBuildFile; fileRef = 8BEEF9E56C5EAB0F8AE21C8E /* MutationQueueDedupeTests.swift */; };
		88D4358CA4458E23307FEF5B /* ReportsView.swift in Sources */ = {isa = PBXBuildFile; fileRef = 6396D0BC4152E3C360DFD23D /* ReportsView.swift */; };
		89822B4E7B011EEACE8A76D4 /* MutationQueueTests.swift in Sources */ = {isa = PBXBuildFile; fileRef = 76030F8E90BF2142A1ACE2F4 /* MutationQueueTests.swift */; };
		89FA3CF2DAD78D4FD245EA6A /* ConsentSignatureUITests.swift in Sources */ = {isa = PBXBuildFile; fileRef = C3E128DBA206FE219D527C71 /* ConsentSignatureUITests.swift */; };
		8BFA2C1E8C010F7AAC0B9504 /* ConsentPDFBuilderTests.swift in Sources */ = {isa = PBXBuildFile; fileRef = FD3E3A9C6FBEB9B0591644ED /* ConsentPDFBuilderTests.swift */; };
		92C94584ECFA0E4942053717 /* NotificationsView.swift in Sources */ = {isa = PBXBuildFile; fileRef = DFA05924FBA4178EA61F8BBC /* NotificationsView.swift */; };
		987B5F390752C24FDEE0286B /* NetworkInfo.swift in Sources */ = {isa = PBXBuildFile; fileRef = 907971F6B7E8F1FD244692DF /* NetworkInfo.swift */; };
		9B398A469773C25CE5A0C9F0 /* LoginView.swift in Sources */ = {isa = PBXBuildFile; fileRef = 47BDCC4AF680BAC35E5EC347 /* LoginView.swift */; };
		9BE73BFAF47590ACAFA9BD8E /* InvoiceCodableTests.swift in Sources */ = {isa = PBXBuildFile; fileRef = AD83D4FBEAB5C63DF7D0493B /* InvoiceCodableTests.swift */; };
		9D4747B420D959569604E6E4 /* SecuritySettingsView.swift in Sources */ = {isa = PBXBuildFile; fileRef = ECF1CB11BA931481AF5E3F30 /* SecuritySettingsView.swift */; };
		AC5F11CAFDE75CD5A7ECAFFD /* ClientFormView.swift in Sources */ = {isa = PBXBuildFile; fileRef = 7EDEE6AF07CD63BB3FC1EE5E /* ClientFormView.swift */; };
		AE98E190E9A278673EF4D658 /* VitalsEntryView.swift in Sources */ = {isa = PBXBuildFile; fileRef = 890F2D95718634ADA954CB5C /* VitalsEntryView.swift */; };
		AF0A1EE4F92E62B19FC9C114 /* MedicalDirectorEditView.swift in Sources */ = {isa = PBXBuildFile; fileRef = 5076C6CD0AC9129B5C3BAB11 /* MedicalDirectorEditView.swift */; };
		B227C2F9A778D01D637105C6 /* ContentView.swift in Sources */ = {isa = PBXBuildFile; fileRef = 64FC888FAFB374CF3C73F11B /* ContentView.swift */; };
		B2CBE96680965F9C40AF0415 /* VitalsEntryViewTests.swift in Sources */ = {isa = PBXBuildFile; fileRef = 3730B1AF60B4E82AD8145E9F /* VitalsEntryViewTests.swift */; };
		B32CD945707FE32F185F7AAA /* InventoryDetailView.swift in Sources */ = {isa = PBXBuildFile; fileRef = 0A41543D9FE376FAEF004CE3 /* InventoryDetailView.swift */; };
		B7367566AC0644849EC0539D /* Kingfisher in Frameworks */ = {isa = PBXBuildFile; productRef = 28440EE95B0E4FF7B1706FE5 /* Kingfisher */; };
		B8085430FAA70E35DA83DA4B /* HomeViewModelTests.swift in Sources */ = {isa = PBXBuildFile; fileRef = 9D58C9CB15485D3876A629ED /* HomeViewModelTests.swift */; };
		B9025DB6D664DDD36273CA51 /* InvoicePDFBuilderTests.swift in Sources */ = {isa = PBXBuildFile; fileRef = BFEB9C21131F70E189A3CD05 /* InvoicePDFBuilderTests.swift */; };
		B9581CBDEF3DBDF72A41C0D7 /* Compliance.swift in Sources */ = {isa = PBXBuildFile; fileRef = 189C78AE179EC62DAF132416 /* Compliance.swift */; };
		C11D2168B10E3895C774A863 /* OfflineCacheTests.swift in Sources */ = {isa = PBXBuildFile; fileRef = 7A2135761FC6961DB184AA04 /* OfflineCacheTests.swift */; };
		C4A1DC593CC7B106AFD5AF04 /* AddLotFlow.swift in Sources */ = {isa = PBXBuildFile; fileRef = DB39FC80B037368C4A32EA5D /* AddLotFlow.swift */; };
		C6007E5B1729703D6A73DE63 /* HomeViewModel.swift in Sources */ = {isa = PBXBuildFile; fileRef = A9D74B22935B9CBF54A77567 /* HomeViewModel.swift */; };
		C80D1CC3E2B13207ED698A1E /* BarcodeScannerView.swift in Sources */ = {isa = PBXBuildFile; fileRef = A62DA78CEBC549F848B7EE54 /* BarcodeScannerView.swift */; };
		CC1A5A8097A7E57BBCA54FE5 /* ComplianceTile.swift in Sources */ = {isa = PBXBuildFile; fileRef = 79DA9E03E0E692E2CB2B017A /* ComplianceTile.swift */; };
		CFF6CABD9E72812B77DDAF20 /* HomeDashboardUITests.swift in Sources */ = {isa = PBXBuildFile; fileRef = 5FB35816B24CC29B29236138 /* HomeDashboardUITests.swift */; };
		D11FDCBD82435D9B4869088C /* OfflineCache.swift in Sources */ = {isa = PBXBuildFile; fileRef = 4CC69ABE1BC918D8683F94F4 /* OfflineCache.swift */; };
		D2D5FACFCFCB38557D4A933F /* Consent.swift in Sources */ = {isa = PBXBuildFile; fileRef = 0AED3D05A46982DED1B5F496 /* Consent.swift */; };
		D2F0A9319F551204A5318571 /* SessionsListView.swift in Sources */ = {isa = PBXBuildFile; fileRef = E6B072C0BE357BE5C6C93C04 /* SessionsListView.swift */; };
		D8626D8F5E38E725AB9C11AD /* Invoice.swift in Sources */ = {isa = PBXBuildFile; fileRef = 9B8C841D9DCD91EAA998FB9D /* Invoice.swift */; };
		D8BBDA2AADE50DA13FD05E51 /* RouteMapView.swift in Sources */ = {isa = PBXBuildFile; fileRef = 2497132384B8E6ADB70DCDB9 /* RouteMapView.swift */; };
		DA79FC4FE1EE6E5D2E8F2110 /* Alamofire in Frameworks */ = {isa = PBXBuildFile; productRef = 17058815E7B93C4DC1268B74 /* Alamofire */; };
		E011BAB0CE9576F51DA7C819 /* AuditLogView.swift in Sources */ = {isa = PBXBuildFile; fileRef = 5CC6F0CF78E1251EE1B4C1EE /* AuditLogView.swift */; };
		E3E46B263044B33B296793BD /* Assets.xcassets in Resources */ = {isa = PBXBuildFile; fileRef = 78E12A6B9A303620BE33B3BA /* Assets.xcassets */; };
		E6F8FDA773CE5B0B13EE71E2 /* APIService.swift in Sources */ = {isa = PBXBuildFile; fileRef = 931DAFC6CF40D9E9898EDB37 /* APIService.swift */; };
		EB9D0AB847F616715F6D7255 /* NotificationService.swift in Sources */ = {isa = PBXBuildFile; fileRef = 44508E295E7DC43AB58F6627 /* NotificationService.swift */; };
		F2C3D67FDB9BC1F04FE83D6D /* HomeView.swift in Sources */ = {isa = PBXBuildFile; fileRef = AD524E556E4CB64EDA8F5965 /* HomeView.swift */; };
		F332EBBDB5ECFA8419BF5994 /* AuditLog.swift in Sources */ = {isa = PBXBuildFile; fileRef = 804FC12A0277695424272944 /* AuditLog.swift */; };
		F971DC6D613AB6BF680ED189 /* Client.swift in Sources */ = {isa = PBXBuildFile; fileRef = 3EC4C5F57C3153C8387F4206 /* Client.swift */; };
		FC51E2512B1E31C93706CA35 /* AdditionalViews.swift in Sources */ = {isa = PBXBuildFile; fileRef = 593FCD41AFAD8354257A05DE /* AdditionalViews.swift */; };
		FEBC353AF0524B49CEB08107 /* SessionLifecycleUITests.swift in Sources */ = {isa = PBXBuildFile; fileRef = 0FB6BA7662C67C4AC3CD7DB9 /* SessionLifecycleUITests.swift */; };
/* End PBXBuildFile section */

/* Begin PBXContainerItemProxy section */
		75E2B320BFB2B0EBAF4FC4F7 /* PBXContainerItemProxy */ = {
			isa = PBXContainerItemProxy;
			containerPortal = 1711541A29D203A6F1254807 /* Project object */;
			proxyType = 1;
			remoteGlobalIDString = 75ADEC8F2650F73BB8DAEE26;
			remoteInfo = HCPilotApp;
		};
		DDB4485831823E1AE8DE66E0 /* PBXContainerItemProxy */ = {
			isa = PBXContainerItemProxy;
			containerPortal = 1711541A29D203A6F1254807 /* Project object */;
			proxyType = 1;
			remoteGlobalIDString = 75ADEC8F2650F73BB8DAEE26;
			remoteInfo = HCPilotApp;
		};
/* End PBXContainerItemProxy section */

/* Begin PBXFileReference section */
		016D363586EE716D83B0B563 /* AuthViewModel.swift */ = {isa = PBXFileReference; lastKnownFileType = sourcecode.swift; path = AuthViewModel.swift; sourceTree = "<group>"; };
		07001372E0B602A09504C805 /* HCPilotAppUITests.xctest */ = {isa = PBXFileReference; includeInIndex = 0; lastKnownFileType = wrapper.cfbundle; path = HCPilotAppUITests.xctest; sourceTree = BUILT_PRODUCTS_DIR; };
		095921805606A482EFB242F9 /* MutationQueue.swift */ = {isa = PBXFileReference; lastKnownFileType = sourcecode.swift; path = MutationQueue.swift; sourceTree = "<group>"; };
		0A41543D9FE376FAEF004CE3 /* InventoryDetailView.swift */ = {isa = PBXFileReference; lastKnownFileType = sourcecode.swift; path = InventoryDetailView.swift; sourceTree = "<group>"; };
		0AED3D05A46982DED1B5F496 /* Consent.swift */ = {isa = PBXFileReference; lastKnownFileType = sourcecode.swift; path = Consent.swift; sourceTree = "<group>"; };
		0CAA6FA333EBE0947402B172 /* Session.swift */ = {isa = PBXFileReference; lastKnownFileType = sourcecode.swift; path = Session.swift; sourceTree = "<group>"; };
		0CF06387AA1125A0B963104E /* OnboardingUITests.swift */ = {isa = PBXFileReference; lastKnownFileType = sourcecode.swift; path = OnboardingUITests.swift; sourceTree = "<group>"; };
		0FB6BA7662C67C4AC3CD7DB9 /* SessionLifecycleUITests.swift */ = {isa = PBXFileReference; lastKnownFileType = sourcecode.swift; path = SessionLifecycleUITests.swift; sourceTree = "<group>"; };
		0FCF4233970FC38F85A39CF1 /* Validators.swift */ = {isa = PBXFileReference; lastKnownFileType = sourcecode.swift; path = Validators.swift; sourceTree = "<group>"; };
		10775D73E2ADDADBE80DF136 /* ConnectivityState.swift */ = {isa = PBXFileReference; lastKnownFileType = sourcecode.swift; path = ConnectivityState.swift; sourceTree = "<group>"; };
		1398D7556E16DB890AAE61B2 /* ConsentFlowView.swift */ = {isa = PBXFileReference; lastKnownFileType = sourcecode.swift; path = ConsentFlowView.swift; sourceTree = "<group>"; };
		189C78AE179EC62DAF132416 /* Compliance.swift */ = {isa = PBXFileReference; lastKnownFileType = sourcecode.swift; path = Compliance.swift; sourceTree = "<group>"; };
		1B105EA636489A38FE08DC35 /* InvoiceService.swift */ = {isa = PBXFileReference; lastKnownFileType = sourcecode.swift; path = InvoiceService.swift; sourceTree = "<group>"; };
		1B54EFFAF411540FE9B98D8C /* User.swift */ = {isa = PBXFileReference; lastKnownFileType = sourcecode.swift; path = User.swift; sourceTree = "<group>"; };
		1E88B4C86E86DA627EBC2C56 /* SupplierSettingsView.swift */ = {isa = PBXFileReference; lastKnownFileType = sourcecode.swift; path = SupplierSettingsView.swift; sourceTree = "<group>"; };
		1F2631E977A59E57CF5C23D6 /* LowStockSheet.swift */ = {isa = PBXFileReference; lastKnownFileType = sourcecode.swift; path = LowStockSheet.swift; sourceTree = "<group>"; };
		1F535C56D6847AA1A64C9EF6 /* HCPilotAppTests.xctest */ = {isa = PBXFileReference; includeInIndex = 0; lastKnownFileType = wrapper.cfbundle; path = HCPilotAppTests.xctest; sourceTree = BUILT_PRODUCTS_DIR; };
		2497132384B8E6ADB70DCDB9 /* RouteMapView.swift */ = {isa = PBXFileReference; lastKnownFileType = sourcecode.swift; path = RouteMapView.swift; sourceTree = "<group>"; };
		263760256715853463A4C959 /* SetupWizardView.swift */ = {isa = PBXFileReference; lastKnownFileType = sourcecode.swift; path = SetupWizardView.swift; sourceTree = "<group>"; };
		29152DF7F8E22F3D210F5966 /* ProfileView.swift */ = {isa = PBXFileReference; lastKnownFileType = sourcecode.swift; path = ProfileView.swift; sourceTree = "<group>"; };
		2EBA76C5AD8AF900767A1A10 /* HCPilotApp.swift */ = {isa = PBXFileReference; lastKnownFileType = sourcecode.swift; path = HCPilotApp.swift; sourceTree = "<group>"; };
		33B4B70646F3EA75579DD811 /* InvoicePDFBuilder.swift */ = {isa = PBXFileReference; lastKnownFileType = sourcecode.swift; path = InvoicePDFBuilder.swift; sourceTree = "<group>"; };
		3730B1AF60B4E82AD8145E9F /* VitalsEntryViewTests.swift */ = {isa = PBXFileReference; lastKnownFileType = sourcecode.swift; path = VitalsEntryViewTests.swift; sourceTree = "<group>"; };
		3EC4C5F57C3153C8387F4206 /* Client.swift */ = {isa = PBXFileReference; lastKnownFileType = sourcecode.swift; path = Client.swift; sourceTree = "<group>"; };
		44508E295E7DC43AB58F6627 /* NotificationService.swift */ = {isa = PBXFileReference; lastKnownFileType = sourcecode.swift; path = NotificationService.swift; sourceTree = "<group>"; };
		47BDCC4AF680BAC35E5EC347 /* LoginView.swift */ = {isa = PBXFileReference; lastKnownFileType = sourcecode.swift; path = LoginView.swift; sourceTree = "<group>"; };
		4CC69ABE1BC918D8683F94F4 /* OfflineCache.swift */ = {isa = PBXFileReference; lastKnownFileType = sourcecode.swift; path = OfflineCache.swift; sourceTree = "<group>"; };
		5076C6CD0AC9129B5C3BAB11 /* MedicalDirectorEditView.swift */ = {isa = PBXFileReference; lastKnownFileType = sourcecode.swift; path = MedicalDirectorEditView.swift; sourceTree = "<group>"; };
		5706CE8403DE49E801256CF8 /* AddressAutocompleteField.swift */ = {isa = PBXFileReference; lastKnownFileType = sourcecode.swift; path = AddressAutocompleteField.swift; sourceTree = "<group>"; };
		593FCD41AFAD8354257A05DE /* AdditionalViews.swift */ = {isa = PBXFileReference; lastKnownFileType = sourcecode.swift; path = AdditionalViews.swift; sourceTree = "<group>"; };
		5CC6F0CF78E1251EE1B4C1EE /* AuditLogView.swift */ = {isa = PBXFileReference; lastKnownFileType = sourcecode.swift; path = AuditLogView.swift; sourceTree = "<group>"; };
		5FB35816B24CC29B29236138 /* HomeDashboardUITests.swift */ = {isa = PBXFileReference; lastKnownFileType = sourcecode.swift; path = HomeDashboardUITests.swift; sourceTree = "<group>"; };
		627009E0153837A18145BB56 /* LocationService.swift */ = {isa = PBXFileReference; lastKnownFileType = sourcecode.swift; path = LocationService.swift; sourceTree = "<group>"; };
		62E639CF608C792A2E21318D /* AppMainView.swift */ = {isa = PBXFileReference; lastKnownFileType = sourcecode.swift; path = AppMainView.swift; sourceTree = "<group>"; };
		6396D0BC4152E3C360DFD23D /* ReportsView.swift */ = {isa = PBXFileReference; lastKnownFileType = sourcecode.swift; path = ReportsView.swift; sourceTree = "<group>"; };
		64FC888FAFB374CF3C73F11B /* ContentView.swift */ = {isa = PBXFileReference; lastKnownFileType = sourcecode.swift; path = ContentView.swift; sourceTree = "<group>"; };
		67BAB4CE1C5BAD7B5CB7BC8C /* SyncStatusBadge.swift */ = {isa = PBXFileReference; lastKnownFileType = sourcecode.swift; path = SyncStatusBadge.swift; sourceTree = "<group>"; };
		6D273D1208167485D69DE1C9 /* APIDTOs.swift */ = {isa = PBXFileReference; lastKnownFileType = sourcecode.swift; path = APIDTOs.swift; sourceTree = "<group>"; };
		76030F8E90BF2142A1ACE2F4 /* MutationQueueTests.swift */ = {isa = PBXFileReference; lastKnownFileType = sourcecode.swift; path = MutationQueueTests.swift; sourceTree = "<group>"; };
		78E12A6B9A303620BE33B3BA /* Assets.xcassets */ = {isa = PBXFileReference; lastKnownFileType = folder.assetcatalog; path = Assets.xcassets; sourceTree = "<group>"; };
		79DA9E03E0E692E2CB2B017A /* ComplianceTile.swift */ = {isa = PBXFileReference; lastKnownFileType = sourcecode.swift; path = ComplianceTile.swift; sourceTree = "<group>"; };
		7A2135761FC6961DB184AA04 /* OfflineCacheTests.swift */ = {isa = PBXFileReference; lastKnownFileType = sourcecode.swift; path = OfflineCacheTests.swift; sourceTree = "<group>"; };
		7EDEE6AF07CD63BB3FC1EE5E /* ClientFormView.swift */ = {isa = PBXFileReference; lastKnownFileType = sourcecode.swift; path = ClientFormView.swift; sourceTree = "<group>"; };
		802D0256CC4CD3CF06F1481B /* ChipMultiSelect.swift */ = {isa = PBXFileReference; lastKnownFileType = sourcecode.swift; path = ChipMultiSelect.swift; sourceTree = "<group>"; };
		804FC12A0277695424272944 /* AuditLog.swift */ = {isa = PBXFileReference; lastKnownFileType = sourcecode.swift; path = AuditLog.swift; sourceTree = "<group>"; };
		84D6EEFD9287FF131260D73A /* InvoiceLocalStore.swift */ = {isa = PBXFileReference; lastKnownFileType = sourcecode.swift; path = InvoiceLocalStore.swift; sourceTree = "<group>"; };
		862958EFD0C902494DADA21B /* InventoryListView.swift */ = {isa = PBXFileReference; lastKnownFileType = sourcecode.swift; path = InventoryListView.swift; sourceTree = "<group>"; };
		868DD3DBCB41C050C102B8F8 /* SecureStorage.swift */ = {isa = PBXFileReference; lastKnownFileType = sourcecode.swift; path = SecureStorage.swift; sourceTree = "<group>"; };
		890F2D95718634ADA954CB5C /* VitalsEntryView.swift */ = {isa = PBXFileReference; lastKnownFileType = sourcecode.swift; path = VitalsEntryView.swift; sourceTree = "<group>"; };
		8BEEF9E56C5EAB0F8AE21C8E /* MutationQueueDedupeTests.swift */ = {isa = PBXFileReference; lastKnownFileType = sourcecode.swift; path = MutationQueueDedupeTests.swift; sourceTree = "<group>"; };
		8E1B42BBD417770BA894D0F0 /* ValidatorsTests.swift */ = {isa = PBXFileReference; lastKnownFileType = sourcecode.swift; path = ValidatorsTests.swift; sourceTree = "<group>"; };
		8E373112C0D6915E07A63BB7 /* InvoicesView.swift */ = {isa = PBXFileReference; lastKnownFileType = sourcecode.swift; path = InvoicesView.swift; sourceTree = "<group>"; };
		8E58AE54AA0A39F0508C0501 /* Inventory.swift */ = {isa = PBXFileReference; lastKnownFileType = sourcecode.swift; path = Inventory.swift; sourceTree = "<group>"; };
		907971F6B7E8F1FD244692DF /* NetworkInfo.swift */ = {isa = PBXFileReference; lastKnownFileType = sourcecode.swift; path = NetworkInfo.swift; sourceTree = "<group>"; };
		931DAFC6CF40D9E9898EDB37 /* APIService.swift */ = {isa = PBXFileReference; lastKnownFileType = sourcecode.swift; path = APIService.swift; sourceTree = "<group>"; };
		971764E1BC2246839AB9143E /* SessionUnauthorizedTests.swift */ = {isa = PBXFileReference; lastKnownFileType = sourcecode.swift; path = SessionUnauthorizedTests.swift; sourceTree = "<group>"; };
		977963065666659FC9A11E11 /* HCPilotApp.app */ = {isa = PBXFileReference; includeInIndex = 0; lastKnownFileType = wrapper.application; path = HCPilotApp.app; sourceTree = BUILT_PRODUCTS_DIR; };
		9B8C841D9DCD91EAA998FB9D /* Invoice.swift */ = {isa = PBXFileReference; lastKnownFileType = sourcecode.swift; path = Invoice.swift; sourceTree = "<group>"; };
		9D58C9CB15485D3876A629ED /* HomeViewModelTests.swift */ = {isa = PBXFileReference; lastKnownFileType = sourcecode.swift; path = HomeViewModelTests.swift; sourceTree = "<group>"; };
		9E938BA14366290CD5AD4F35 /* OnboardingState.swift */ = {isa = PBXFileReference; lastKnownFileType = sourcecode.swift; path = OnboardingState.swift; sourceTree = "<group>"; };
		A62DA78CEBC549F848B7EE54 /* BarcodeScannerView.swift */ = {isa = PBXFileReference; lastKnownFileType = sourcecode.swift; path = BarcodeScannerView.swift; sourceTree = "<group>"; };
		A864B94E5343FF7BD9AFA59D /* MedicalDirectorEditViewTests.swift */ = {isa = PBXFileReference; lastKnownFileType = sourcecode.swift; path = MedicalDirectorEditViewTests.swift; sourceTree = "<group>"; };
		A922510000B9F87A8F704EDF /* ProfileSettingsUITests.swift */ = {isa = PBXFileReference; lastKnownFileType = sourcecode.swift; path = ProfileSettingsUITests.swift; sourceTree = "<group>"; };
		A9D74B22935B9CBF54A77567 /* HomeViewModel.swift */ = {isa = PBXFileReference; lastKnownFileType = sourcecode.swift; path = HomeViewModel.swift; sourceTree = "<group>"; };
		AA6874ED1F8085A6B93D787F /* MutationQueueView.swift */ = {isa = PBXFileReference; lastKnownFileType = sourcecode.swift; path = MutationQueueView.swift; sourceTree = "<group>"; };
		AD524E556E4CB64EDA8F5965 /* HomeView.swift */ = {isa = PBXFileReference; lastKnownFileType = sourcecode.swift; path = HomeView.swift; sourceTree = "<group>"; };
		AD83D4FBEAB5C63DF7D0493B /* InvoiceCodableTests.swift */ = {isa = PBXFileReference; lastKnownFileType = sourcecode.swift; path = InvoiceCodableTests.swift; sourceTree = "<group>"; };
		B03BFDD51EC17E0082B82107 /* AuditLogsUITests.swift */ = {isa = PBXFileReference; lastKnownFileType = sourcecode.swift; path = AuditLogsUITests.swift; sourceTree = "<group>"; };
		B69C58EBCD2ADA4C8F5B7F84 /* SecuritySettingsTests.swift */ = {isa = PBXFileReference; lastKnownFileType = sourcecode.swift; path = SecuritySettingsTests.swift; sourceTree = "<group>"; };
		B8626ACF93B2719A1518FE61 /* LegalDocsView.swift */ = {isa = PBXFileReference; lastKnownFileType = sourcecode.swift; path = LegalDocsView.swift; sourceTree = "<group>"; };
		BFEB9C21131F70E189A3CD05 /* InvoicePDFBuilderTests.swift */ = {isa = PBXFileReference; lastKnownFileType = sourcecode.swift; path = InvoicePDFBuilderTests.swift; sourceTree = "<group>"; };
		C3E128DBA206FE219D527C71 /* ConsentSignatureUITests.swift */ = {isa = PBXFileReference; lastKnownFileType = sourcecode.swift; path = ConsentSignatureUITests.swift; sourceTree = "<group>"; };
		C6080AA0D95193A72BC50AE7 /* ConsentPDFBuilder.swift */ = {isa = PBXFileReference; lastKnownFileType = sourcecode.swift; path = ConsentPDFBuilder.swift; sourceTree = "<group>"; };
		C79A43452DEB9E8540649179 /* InventoryLotUITests.swift */ = {isa = PBXFileReference; lastKnownFileType = sourcecode.swift; path = InventoryLotUITests.swift; sourceTree = "<group>"; };
		D2B3D9B8E955AFF9F53F5938 /* ClientsView.swift */ = {isa = PBXFileReference; lastKnownFileType = sourcecode.swift; path = ClientsView.swift; sourceTree = "<group>"; };
		DB39FC80B037368C4A32EA5D /* AddLotFlow.swift */ = {isa = PBXFileReference; lastKnownFileType = sourcecode.swift; path = AddLotFlow.swift; sourceTree = "<group>"; };
		DBB65B7FBE988B37F269EE6F /* LotUsageSheet.swift */ = {isa = PBXFileReference; lastKnownFileType = sourcecode.swift; path = LotUsageSheet.swift; sourceTree = "<group>"; };
		DFA05924FBA4178EA61F8BBC /* NotificationsView.swift */ = {isa = PBXFileReference; lastKnownFileType = sourcecode.swift; path = NotificationsView.swift; sourceTree = "<group>"; };
		E4183E53C2F7AA6B0C625834 /* ClientCreationUITests.swift */ = {isa = PBXFileReference; lastKnownFileType = sourcecode.swift; path = ClientCreationUITests.swift; sourceTree = "<group>"; };
		E62B9BD851D3142A57897810 /* OnboardingGateTests.swift */ = {isa = PBXFileReference; lastKnownFileType = sourcecode.swift; path = OnboardingGateTests.swift; sourceTree = "<group>"; };
		E6B072C0BE357BE5C6C93C04 /* SessionsListView.swift */ = {isa = PBXFileReference; lastKnownFileType = sourcecode.swift; path = SessionsListView.swift; sourceTree = "<group>"; };
		EC8490829C0AA5DCD3F63E84 /* ComplianceDashboardUITests.swift */ = {isa = PBXFileReference; lastKnownFileType = sourcecode.swift; path = ComplianceDashboardUITests.swift; sourceTree = "<group>"; };
		ECF1CB11BA931481AF5E3F30 /* SecuritySettingsView.swift */ = {isa = PBXFileReference; lastKnownFileType = sourcecode.swift; path = SecuritySettingsView.swift; sourceTree = "<group>"; };
		F5F1B358CACE5A26BF5275C2 /* SessionFormView.swift */ = {isa = PBXFileReference; lastKnownFileType = sourcecode.swift; path = SessionFormView.swift; sourceTree = "<group>"; };
		F7E6D4F2435777CFD3653001 /* OfflineBehaviorUITests.swift */ = {isa = PBXFileReference; lastKnownFileType = sourcecode.swift; path = OfflineBehaviorUITests.swift; sourceTree = "<group>"; };
		F9E4784C59A03E574D23CF8C /* ComplianceDashboardView.swift */ = {isa = PBXFileReference; lastKnownFileType = sourcecode.swift; path = ComplianceDashboardView.swift; sourceTree = "<group>"; };
		FD3E3A9C6FBEB9B0591644ED /* ConsentPDFBuilderTests.swift */ = {isa = PBXFileReference; lastKnownFileType = sourcecode.swift; path = ConsentPDFBuilderTests.swift; sourceTree = "<group>"; };
/* End PBXFileReference section */

/* Begin PBXFrameworksBuildPhase section */
		2CB51D62947EC1CD0E73DE28 /* Frameworks */ = {
			isa = PBXFrameworksBuildPhase;
			buildActionMask = 2147483647;
			files = (
				DA79FC4FE1EE6E5D2E8F2110 /* Alamofire in Frameworks */,
				B7367566AC0644849EC0539D /* Kingfisher in Frameworks */,
			);
			runOnlyForDeploymentPostprocessing = 0;
		};
/* End PBXFrameworksBuildPhase section */

/* Begin PBXGroup section */
		0CA4F42C775818E465E4905A /* Views */ = {
			isa = PBXGroup;
			children = (
				593FCD41AFAD8354257A05DE /* AdditionalViews.swift */,
				DB39FC80B037368C4A32EA5D /* AddLotFlow.swift */,
				62E639CF608C792A2E21318D /* AppMainView.swift */,
				5CC6F0CF78E1251EE1B4C1EE /* AuditLogView.swift */,
				A62DA78CEBC549F848B7EE54 /* BarcodeScannerView.swift */,
				7EDEE6AF07CD63BB3FC1EE5E /* ClientFormView.swift */,
				D2B3D9B8E955AFF9F53F5938 /* ClientsView.swift */,
				F9E4784C59A03E574D23CF8C /* ComplianceDashboardView.swift */,
				1398D7556E16DB890AAE61B2 /* ConsentFlowView.swift */,
				AD524E556E4CB64EDA8F5965 /* HomeView.swift */,
				0A41543D9FE376FAEF004CE3 /* InventoryDetailView.swift */,
				862958EFD0C902494DADA21B /* InventoryListView.swift */,
				8E373112C0D6915E07A63BB7 /* InvoicesView.swift */,
				B8626ACF93B2719A1518FE61 /* LegalDocsView.swift */,
				47BDCC4AF680BAC35E5EC347 /* LoginView.swift */,
				DBB65B7FBE988B37F269EE6F /* LotUsageSheet.swift */,
				5076C6CD0AC9129B5C3BAB11 /* MedicalDirectorEditView.swift */,
				AA6874ED1F8085A6B93D787F /* MutationQueueView.swift */,
				DFA05924FBA4178EA61F8BBC /* NotificationsView.swift */,
				29152DF7F8E22F3D210F5966 /* ProfileView.swift */,
				6396D0BC4152E3C360DFD23D /* ReportsView.swift */,
				2497132384B8E6ADB70DCDB9 /* RouteMapView.swift */,
				ECF1CB11BA931481AF5E3F30 /* SecuritySettingsView.swift */,
				F5F1B358CACE5A26BF5275C2 /* SessionFormView.swift */,
				E6B072C0BE357BE5C6C93C04 /* SessionsListView.swift */,
				263760256715853463A4C959 /* SetupWizardView.swift */,
				1E88B4C86E86DA627EBC2C56 /* SupplierSettingsView.swift */,
				890F2D95718634ADA954CB5C /* VitalsEntryView.swift */,
				154BEDF8363E21AA6CCA9EB7 /* Components */,
			);
			path = Views;
			sourceTree = "<group>";
		};
		154BEDF8363E21AA6CCA9EB7 /* Components */ = {
			isa = PBXGroup;
			children = (
				5706CE8403DE49E801256CF8 /* AddressAutocompleteField.swift */,
				802D0256CC4CD3CF06F1481B /* ChipMultiSelect.swift */,
				79DA9E03E0E692E2CB2B017A /* ComplianceTile.swift */,
				1F2631E977A59E57CF5C23D6 /* LowStockSheet.swift */,
				67BAB4CE1C5BAD7B5CB7BC8C /* SyncStatusBadge.swift */,
			);
			path = Components;
			sourceTree = "<group>";
		};
		1976FD54654BBB43A7CDDE45 = {
			isa = PBXGroup;
			children = (
				28460DD84CD77CCBFA6F62F3 /* HCPilotApp */,
				54600158BE6918A3E95F0C73 /* HCPilotAppTests */,
				99F64E7C6BA0D18DCD518252 /* UITests */,
				86A2C90B9542F0FD6A3DD176 /* Products */,
			);
			sourceTree = "<group>";
		};
		28460DD84CD77CCBFA6F62F3 /* HCPilotApp */ = {
			isa = PBXGroup;
			children = (
				78E12A6B9A303620BE33B3BA /* Assets.xcassets */,
				64FC888FAFB374CF3C73F11B /* ContentView.swift */,
				2EBA76C5AD8AF900767A1A10 /* HCPilotApp.swift */,
				E5A5DBCE1DCCC0873507F32F /* Models */,
				80F0963AC39632593E5DACB6 /* Services */,
				466DA8524DE995FD682294AA /* Utils */,
				BAFF9DD87C958FE3F2747538 /* ViewModels */,
				0CA4F42C775818E465E4905A /* Views */,
			);
			path = HCPilotApp;
			sourceTree = "<group>";
		};
		466DA8524DE995FD682294AA /* Utils */ = {
			isa = PBXGroup;
			children = (
				10775D73E2ADDADBE80DF136 /* ConnectivityState.swift */,
				C6080AA0D95193A72BC50AE7 /* ConsentPDFBuilder.swift */,
				84D6EEFD9287FF131260D73A /* InvoiceLocalStore.swift */,
				33B4B70646F3EA75579DD811 /* InvoicePDFBuilder.swift */,
				627009E0153837A18145BB56 /* LocationService.swift */,
				095921805606A482EFB242F9 /* MutationQueue.swift */,
				907971F6B7E8F1FD244692DF /* NetworkInfo.swift */,
				44508E295E7DC43AB58F6627 /* NotificationService.swift */,
				4CC69ABE1BC918D8683F94F4 /* OfflineCache.swift */,
				9E938BA14366290CD5AD4F35 /* OnboardingState.swift */,
				868DD3DBCB41C050C102B8F8 /* SecureStorage.swift */,
				0FCF4233970FC38F85A39CF1 /* Validators.swift */,
			);
			path = Utils;
			sourceTree = "<group>";
		};
		54600158BE6918A3E95F0C73 /* HCPilotAppTests */ = {
			isa = PBXGroup;
			children = (
				FD3E3A9C6FBEB9B0591644ED /* ConsentPDFBuilderTests.swift */,
				9D58C9CB15485D3876A629ED /* HomeViewModelTests.swift */,
				AD83D4FBEAB5C63DF7D0493B /* InvoiceCodableTests.swift */,
				BFEB9C21131F70E189A3CD05 /* InvoicePDFBuilderTests.swift */,
				A864B94E5343FF7BD9AFA59D /* MedicalDirectorEditViewTests.swift */,
				8BEEF9E56C5EAB0F8AE21C8E /* MutationQueueDedupeTests.swift */,
				76030F8E90BF2142A1ACE2F4 /* MutationQueueTests.swift */,
				7A2135761FC6961DB184AA04 /* OfflineCacheTests.swift */,
				E62B9BD851D3142A57897810 /* OnboardingGateTests.swift */,
				B69C58EBCD2ADA4C8F5B7F84 /* SecuritySettingsTests.swift */,
				971764E1BC2246839AB9143E /* SessionUnauthorizedTests.swift */,
				8E1B42BBD417770BA894D0F0 /* ValidatorsTests.swift */,
				3730B1AF60B4E82AD8145E9F /* VitalsEntryViewTests.swift */,
			);
			path = HCPilotAppTests;
			sourceTree = "<group>";
		};
		80F0963AC39632593E5DACB6 /* Services */ = {
			isa = PBXGroup;
			children = (
				6D273D1208167485D69DE1C9 /* APIDTOs.swift */,
				931DAFC6CF40D9E9898EDB37 /* APIService.swift */,
				1B105EA636489A38FE08DC35 /* InvoiceService.swift */,
			);
			path = Services;
			sourceTree = "<group>";
		};
		86A2C90B9542F0FD6A3DD176 /* Products */ = {
			isa = PBXGroup;
			children = (
				977963065666659FC9A11E11 /* HCPilotApp.app */,
				1F535C56D6847AA1A64C9EF6 /* HCPilotAppTests.xctest */,
				07001372E0B602A09504C805 /* HCPilotAppUITests.xctest */,
			);
			name = Products;
			sourceTree = "<group>";
		};
		99F64E7C6BA0D18DCD518252 /* UITests */ = {
			isa = PBXGroup;
			children = (
				B03BFDD51EC17E0082B82107 /* AuditLogsUITests.swift */,
				E4183E53C2F7AA6B0C625834 /* ClientCreationUITests.swift */,
				EC8490829C0AA5DCD3F63E84 /* ComplianceDashboardUITests.swift */,
				C3E128DBA206FE219D527C71 /* ConsentSignatureUITests.swift */,
				5FB35816B24CC29B29236138 /* HomeDashboardUITests.swift */,
				C79A43452DEB9E8540649179 /* InventoryLotUITests.swift */,
				F7E6D4F2435777CFD3653001 /* OfflineBehaviorUITests.swift */,
				0CF06387AA1125A0B963104E /* OnboardingUITests.swift */,
				A922510000B9F87A8F704EDF /* ProfileSettingsUITests.swift */,
				0FB6BA7662C67C4AC3CD7DB9 /* SessionLifecycleUITests.swift */,
			);
			name = UITests;
			path = HCPilotAppTests/UITests;
			sourceTree = "<group>";
		};
		BAFF9DD87C958FE3F2747538 /* ViewModels */ = {
			isa = PBXGroup;
			children = (
				016D363586EE716D83B0B563 /* AuthViewModel.swift */,
				A9D74B22935B9CBF54A77567 /* HomeViewModel.swift */,
			);
			path = ViewModels;
			sourceTree = "<group>";
		};
		E5A5DBCE1DCCC0873507F32F /* Models */ = {
			isa = PBXGroup;
			children = (
				804FC12A0277695424272944 /* AuditLog.swift */,
				3EC4C5F57C3153C8387F4206 /* Client.swift */,
				189C78AE179EC62DAF132416 /* Compliance.swift */,
				0AED3D05A46982DED1B5F496 /* Consent.swift */,
				8E58AE54AA0A39F0508C0501 /* Inventory.swift */,
				9B8C841D9DCD91EAA998FB9D /* Invoice.swift */,
				0CAA6FA333EBE0947402B172 /* Session.swift */,
				1B54EFFAF411540FE9B98D8C /* User.swift */,
			);
			path = Models;
			sourceTree = "<group>";
		};
/* End PBXGroup section */

/* Begin PBXNativeTarget section */
		75ADEC8F2650F73BB8DAEE26 /* HCPilotApp */ = {
			isa = PBXNativeTarget;
			buildConfigurationList = 340D1E23AF8958ACE91A1AAD /* Build configuration list for PBXNativeTarget "HCPilotApp" */;
			buildPhases = (
				08A627923556110A983ADBDB /* Sources */,
				8A1077F1040207617A66D174 /* Resources */,
				2CB51D62947EC1CD0E73DE28 /* Frameworks */,
			);
			buildRules = (
			);
			dependencies = (
			);
			name = HCPilotApp;
			packageProductDependencies = (
				17058815E7B93C4DC1268B74 /* Alamofire */,
				28440EE95B0E4FF7B1706FE5 /* Kingfisher */,
			);
			productName = HCPilotApp;
			productReference = 977963065666659FC9A11E11 /* HCPilotApp.app */;
			productType = "com.apple.product-type.application";
		};
		935E570ABBE4BC9DD621408E /* HCPilotAppTests */ = {
			isa = PBXNativeTarget;
			buildConfigurationList = 86B87EF6B840F1A97F564F3E /* Build configuration list for PBXNativeTarget "HCPilotAppTests" */;
			buildPhases = (
				1316E6465706D66F0B81F4AA /* Sources */,
			);
			buildRules = (
			);
			dependencies = (
				2019334B3CBC07F592C9FB3E /* PBXTargetDependency */,
			);
			name = HCPilotAppTests;
			packageProductDependencies = (
			);
			productName = HCPilotAppTests;
			productReference = 1F535C56D6847AA1A64C9EF6 /* HCPilotAppTests.xctest */;
			productType = "com.apple.product-type.bundle.unit-test";
		};
		EC4B0CA02EEA9A6C32B525CD /* HCPilotAppUITests */ = {
			isa = PBXNativeTarget;
			buildConfigurationList = 2F29660596E3DBA1DC3F365C /* Build configuration list for PBXNativeTarget "HCPilotAppUITests" */;
			buildPhases = (
				7A3992BF3E094E914BD6ABA3 /* Sources */,
			);
			buildRules = (
			);
			dependencies = (
				CFAEB64ABE305038D8EA4396 /* PBXTargetDependency */,
			);
			name = HCPilotAppUITests;
			packageProductDependencies = (
			);
			productName = HCPilotAppUITests;
			productReference = 07001372E0B602A09504C805 /* HCPilotAppUITests.xctest */;
			productType = "com.apple.product-type.bundle.ui-testing";
		};
/* End PBXNativeTarget section */

/* Begin PBXProject section */
		1711541A29D203A6F1254807 /* Project object */ = {
			isa = PBXProject;
			attributes = {
				BuildIndependentTargetsInParallel = YES;
				LastUpgradeCheck = 1430;
				TargetAttributes = {
					75ADEC8F2650F73BB8DAEE26 = {
						DevelopmentTeam = "";
						ProvisioningStyle = Automatic;
					};
					EC4B0CA02EEA9A6C32B525CD = {
						TestTargetID = 75ADEC8F2650F73BB8DAEE26;
					};
				};
			};
			buildConfigurationList = ABE3357AFFE86C0D522DA53A /* Build configuration list for PBXProject "HCPilot" */;
			developmentRegion = en;
			hasScannedForEncodings = 0;
			knownRegions = (
				Base,
				en,
			);
			mainGroup = 1976FD54654BBB43A7CDDE45;
			minimizedProjectReferenceProxies = 1;
			packageReferences = (
				CCB0ECCD87D1BD62B20FADF2 /* XCRemoteSwiftPackageReference "Alamofire" */,
				1B89AC0A9C64CC944E4C6BBF /* XCRemoteSwiftPackageReference "Kingfisher" */,
			);
			preferredProjectObjectVersion = 77;
			productRefGroup = 86A2C90B9542F0FD6A3DD176 /* Products */;
			projectDirPath = "";
			projectRoot = "";
			targets = (
				75ADEC8F2650F73BB8DAEE26 /* HCPilotApp */,
				935E570ABBE4BC9DD621408E /* HCPilotAppTests */,
				EC4B0CA02EEA9A6C32B525CD /* HCPilotAppUITests */,
			);
		};
/* End PBXProject section */

/* Begin PBXResourcesBuildPhase section */
		8A1077F1040207617A66D174 /* Resources */ = {
			isa = PBXResourcesBuildPhase;
			buildActionMask = 2147483647;
			files = (
				E3E46B263044B33B296793BD /* Assets.xcassets in Resources */,
			);
			runOnlyForDeploymentPostprocessing = 0;
		};
/* End PBXResourcesBuildPhase section */

/* Begin PBXSourcesBuildPhase section */
		08A627923556110A983ADBDB /* Sources */ = {
			isa = PBXSourcesBuildPhase;
			buildActionMask = 2147483647;
			files = (
				7256B32D534745BE46268BC5 /* APIDTOs.swift in Sources */,
				E6F8FDA773CE5B0B13EE71E2 /* APIService.swift in Sources */,
				C4A1DC593CC7B106AFD5AF04 /* AddLotFlow.swift in Sources */,
				FC51E2512B1E31C93706CA35 /* AdditionalViews.swift in Sources */,
				3F1B49B34ED87D840934E818 /* AddressAutocompleteField.swift in Sources */,
				1AD8A7AEE9BA328B900FD86C /* AppMainView.swift in Sources */,
				F332EBBDB5ECFA8419BF5994 /* AuditLog.swift in Sources */,
				E011BAB0CE9576F51DA7C819 /* AuditLogView.swift in Sources */,
				73FA05B818A35AF4E78A182B /* AuthViewModel.swift in Sources */,
				C80D1CC3E2B13207ED698A1E /* BarcodeScannerView.swift in Sources */,
				575428B0F277DF8D24B17194 /* ChipMultiSelect.swift in Sources */,
				F971DC6D613AB6BF680ED189 /* Client.swift in Sources */,
				AC5F11CAFDE75CD5A7ECAFFD /* ClientFormView.swift in Sources */,
				13668D58A8976858B6C018E4 /* ClientsView.swift in Sources */,
				B9581CBDEF3DBDF72A41C0D7 /* Compliance.swift in Sources */,
				6DD2DA60AD37CC1E15891718 /* ComplianceDashboardView.swift in Sources */,
				CC1A5A8097A7E57BBCA54FE5 /* ComplianceTile.swift in Sources */,
				2F792E26F17EE1EB24B61F73 /* ConnectivityState.swift in Sources */,
				D2D5FACFCFCB38557D4A933F /* Consent.swift in Sources */,
				2E1B424C68A686907CBAF5E4 /* ConsentFlowView.swift in Sources */,
				242A9FF7E01C224475D3DC75 /* ConsentPDFBuilder.swift in Sources */,
				B227C2F9A778D01D637105C6 /* ContentView.swift in Sources */,
				327BF7DB8FC80A0EEFD5B182 /* HCPilotApp.swift in Sources */,
				F2C3D67FDB9BC1F04FE83D6D /* HomeView.swift in Sources */,
				C6007E5B1729703D6A73DE63 /* HomeViewModel.swift in Sources */,
				1E8EBE3D681634D60020BDB3 /* Inventory.swift in Sources */,
				B32CD945707FE32F185F7AAA /* InventoryDetailView.swift in Sources */,
				5899B4F097AF432E8698FA26 /* InventoryListView.swift in Sources */,
				D8626D8F5E38E725AB9C11AD /* Invoice.swift in Sources */,
				4FBFB3C3C1AF1710F1BA8FBA /* InvoiceLocalStore.swift in Sources */,
				35EED2977DF5C206B4CFD578 /* InvoicePDFBuilder.swift in Sources */,
				1D9520BC39E43D1FC7560525 /* InvoiceService.swift in Sources */,
				02383DF375672D466E892964 /* InvoicesView.swift in Sources */,
				2BE184A94DAF2E5DE205BB69 /* LegalDocsView.swift in Sources */,
				54D94A2AA8522B9586B37C28 /* LocationService.swift in Sources */,
				9B398A469773C25CE5A0C9F0 /* LoginView.swift in Sources */,
				440EA6F95C2517FC20E54423 /* LotUsageSheet.swift in Sources */,
				70EB0608E7666EC460903327 /* LowStockSheet.swift in Sources */,
				AF0A1EE4F92E62B19FC9C114 /* MedicalDirectorEditView.swift in Sources */,
				8175E719B95D7573825A3B47 /* MutationQueue.swift in Sources */,
				00D1E994F3E374F8A6AAC5A4 /* MutationQueueView.swift in Sources */,
				987B5F390752C24FDEE0286B /* NetworkInfo.swift in Sources */,
				EB9D0AB847F616715F6D7255 /* NotificationService.swift in Sources */,
				92C94584ECFA0E4942053717 /* NotificationsView.swift in Sources */,
				D11FDCBD82435D9B4869088C /* OfflineCache.swift in Sources */,
				59868FF981C7620E68ECD2E3 /* OnboardingState.swift in Sources */,
				616EC2C2F09A2A1EA56F2A10 /* ProfileView.swift in Sources */,
				88D4358CA4458E23307FEF5B /* ReportsView.swift in Sources */,
				D8BBDA2AADE50DA13FD05E51 /* RouteMapView.swift in Sources */,
				53E4DCB80C5B467AEC30C2D3 /* SecureStorage.swift in Sources */,
				9D4747B420D959569604E6E4 /* SecuritySettingsView.swift in Sources */,
				0881510438D601850A088705 /* Session.swift in Sources */,
				818BB122E852CA4B52636E02 /* SessionFormView.swift in Sources */,
				D2F0A9319F551204A5318571 /* SessionsListView.swift in Sources */,
				1002E114F29E38BCE1142573 /* SetupWizardView.swift in Sources */,
				7FDFEA4958061B99CE1B383E /* SupplierSettingsView.swift in Sources */,
				60E0B5389B7E89B58368BFB8 /* SyncStatusBadge.swift in Sources */,
				78E6CEBF17D65809D12F2DBE /* User.swift in Sources */,
				4BE8C273C698C218C10AF8FD /* Validators.swift in Sources */,
				AE98E190E9A278673EF4D658 /* VitalsEntryView.swift in Sources */,
			);
			runOnlyForDeploymentPostprocessing = 0;
		};
		1316E6465706D66F0B81F4AA /* Sources */ = {
			isa = PBXSourcesBuildPhase;
			buildActionMask = 2147483647;
			files = (
				8BFA2C1E8C010F7AAC0B9504 /* ConsentPDFBuilderTests.swift in Sources */,
				B8085430FAA70E35DA83DA4B /* HomeViewModelTests.swift in Sources */,
				9BE73BFAF47590ACAFA9BD8E /* InvoiceCodableTests.swift in Sources */,
				B9025DB6D664DDD36273CA51 /* InvoicePDFBuilderTests.swift in Sources */,
				36560BB84BE078B7C9F5A01B /* MedicalDirectorEditViewTests.swift in Sources */,
				8508DBFEF1D7D08A09F396FC /* MutationQueueDedupeTests.swift in Sources */,
				89822B4E7B011EEACE8A76D4 /* MutationQueueTests.swift in Sources */,
				C11D2168B10E3895C774A863 /* OfflineCacheTests.swift in Sources */,
				7F2C21493E81EDE6F0019770 /* OnboardingGateTests.swift in Sources */,
				53C3653CE4E755040B26138E /* SecuritySettingsTests.swift in Sources */,
				4654A2CD557B5D48FF8E24F9 /* SessionUnauthorizedTests.swift in Sources */,
				41866FB1281A5A6D73FBC1F2 /* ValidatorsTests.swift in Sources */,
				B2CBE96680965F9C40AF0415 /* VitalsEntryViewTests.swift in Sources */,
			);
			runOnlyForDeploymentPostprocessing = 0;
		};
		7A3992BF3E094E914BD6ABA3 /* Sources */ = {
			isa = PBXSourcesBuildPhase;
			buildActionMask = 2147483647;
			files = (
				7400548F5FCDFC04127C4F01 /* AuditLogsUITests.swift in Sources */,
				78B686C32BC2407F8FCEF4D0 /* ClientCreationUITests.swift in Sources */,
				71891B4A70B7F264274D981C /* ComplianceDashboardUITests.swift in Sources */,
				89FA3CF2DAD78D4FD245EA6A /* ConsentSignatureUITests.swift in Sources */,
				CFF6CABD9E72812B77DDAF20 /* HomeDashboardUITests.swift in Sources */,
				7682B30ADA57EF57B75DF8BE /* InventoryLotUITests.swift in Sources */,
				837B9DFF5169C12A2B02029C /* OfflineBehaviorUITests.swift in Sources */,
				84EB4B2027557D7949F6EA07 /* OnboardingUITests.swift in Sources */,
				15F94707AD64D231E483DABD /* ProfileSettingsUITests.swift in Sources */,
				FEBC353AF0524B49CEB08107 /* SessionLifecycleUITests.swift in Sources */,
			);
			runOnlyForDeploymentPostprocessing = 0;
		};
/* End PBXSourcesBuildPhase section */

/* Begin PBXTargetDependency section */
		2019334B3CBC07F592C9FB3E /* PBXTargetDependency */ = {
			isa = PBXTargetDependency;
			target = 75ADEC8F2650F73BB8DAEE26 /* HCPilotApp */;
			targetProxy = 75E2B320BFB2B0EBAF4FC4F7 /* PBXContainerItemProxy */;
		};
		CFAEB64ABE305038D8EA4396 /* PBXTargetDependency */ = {
			isa = PBXTargetDependency;
			target = 75ADEC8F2650F73BB8DAEE26 /* HCPilotApp */;
			targetProxy = DDB4485831823E1AE8DE66E0 /* PBXContainerItemProxy */;
		};
/* End PBXTargetDependency section */

/* Begin XCBuildConfiguration section */
		1CFF7FB13E8C9DFFF594C083 /* Release */ = {
			isa = XCBuildConfiguration;
			buildSettings = {
				ALWAYS_SEARCH_USER_PATHS = NO;
				CLANG_ANALYZER_NONNULL = YES;
				CLANG_ANALYZER_NUMBER_OBJECT_CONVERSION = YES_AGGRESSIVE;
				CLANG_CXX_LANGUAGE_STANDARD = "gnu++14";
				CLANG_CXX_LIBRARY = "libc++";
				CLANG_ENABLE_MODULES = YES;
				CLANG_ENABLE_OBJC_ARC = YES;
				CLANG_ENABLE_OBJC_WEAK = YES;
				CLANG_WARN_BLOCK_CAPTURE_AUTORELEASING = YES;
				CLANG_WARN_BOOL_CONVERSION = YES;
				CLANG_WARN_COMMA = YES;
				CLANG_WARN_CONSTANT_CONVERSION = YES;
				CLANG_WARN_DEPRECATED_OBJC_IMPLEMENTATIONS = YES;
				CLANG_WARN_DIRECT_OBJC_ISA_USAGE = YES_ERROR;
				CLANG_WARN_DOCUMENTATION_COMMENTS = YES;
				CLANG_WARN_EMPTY_BODY = YES;
				CLANG_WARN_ENUM_CONVERSION = YES;
				CLANG_WARN_INFINITE_RECURSION = YES;
				CLANG_WARN_INT_CONVERSION = YES;
				CLANG_WARN_NON_LITERAL_NULL_CONVERSION = YES;
				CLANG_WARN_OBJC_IMPLICIT_RETAIN_SELF = YES;
				CLANG_WARN_OBJC_LITERAL_CONVERSION = YES;
				CLANG_WARN_OBJC_ROOT_CLASS = YES_ERROR;
				CLANG_WARN_QUOTED_INCLUDE_IN_FRAMEWORK_HEADER = YES;
				CLANG_WARN_RANGE_LOOP_ANALYSIS = YES;
				CLANG_WARN_STRICT_PROTOTYPES = YES;
				CLANG_WARN_SUSPICIOUS_MOVE = YES;
				CLANG_WARN_UNGUARDED_AVAILABILITY = YES_AGGRESSIVE;
				CLANG_WARN_UNREACHABLE_CODE = YES;
				CLANG_WARN__DUPLICATE_METHOD_MATCH = YES;
				COPY_PHASE_STRIP = NO;
				DEBUG_INFORMATION_FORMAT = "dwarf-with-dsym";
				ENABLE_NS_ASSERTIONS = NO;
				ENABLE_STRICT_OBJC_MSGSEND = YES;
				GCC_C_LANGUAGE_STANDARD = gnu11;
				GCC_NO_COMMON_BLOCKS = YES;
				GCC_WARN_64_TO_32_BIT_CONVERSION = YES;
				GCC_WARN_ABOUT_RETURN_TYPE = YES_ERROR;
				GCC_WARN_UNDECLARED_SELECTOR = YES;
				GCC_WARN_UNINITIALIZED_AUTOS = YES_AGGRESSIVE;
				GCC_WARN_UNUSED_FUNCTION = YES;
				GCC_WARN_UNUSED_VARIABLE = YES;
				IPHONEOS_DEPLOYMENT_TARGET = 18.0;
				MTL_ENABLE_DEBUG_INFO = NO;
				MTL_FAST_MATH = YES;
				PRODUCT_NAME = "$(TARGET_NAME)";
				SDKROOT = iphoneos;
				SWIFT_COMPILATION_MODE = wholemodule;
				SWIFT_OPTIMIZATION_LEVEL = "-O";
				SWIFT_VERSION = 5.0;
			};
			name = Release;
		};
		3F4DBF4991F7041A3D741AB8 /* Release */ = {
			isa = XCBuildConfiguration;
			buildSettings = {
				BUNDLE_LOADER = "$(TEST_HOST)";
				GENERATE_INFOPLIST_FILE = YES;
				LD_RUNPATH_SEARCH_PATHS = (
					"$(inherited)",
					"@executable_path/Frameworks",
					"@loader_path/Frameworks",
				);
				PRODUCT_BUNDLE_IDENTIFIER = com.hcpilot.app.tests;
				SDKROOT = iphoneos;
				TARGETED_DEVICE_FAMILY = "1,2";
				TEST_HOST = "$(BUILT_PRODUCTS_DIR)/HCPilotApp.app/HCPilotApp";
			};
			name = Release;
		};
		782BA7178ED0CA920CFD6CA2 /* Release */ = {
			isa = XCBuildConfiguration;
			buildSettings = {
				BUNDLE_LOADER = "$(TEST_HOST)";
				GENERATE_INFOPLIST_FILE = YES;
				LD_RUNPATH_SEARCH_PATHS = (
					"$(inherited)",
					"@executable_path/Frameworks",
					"@loader_path/Frameworks",
				);
				PRODUCT_BUNDLE_IDENTIFIER = com.hcpilot.app.uitests;
				SDKROOT = iphoneos;
				TARGETED_DEVICE_FAMILY = "1,2";
				TEST_TARGET_NAME = HCPilotApp;
			};
			name = Release;
		};
		9A018F361511DF6E18C72C84 /* Release */ = {
			isa = XCBuildConfiguration;
			buildSettings = {
				ASSETCATALOG_COMPILER_APPICON_NAME = AppIcon;
				ASSETCATALOG_COMPILER_GLOBAL_ACCENT_COLOR_NAME = AccentColor;
				CODE_SIGN_IDENTITY = "iPhone Developer";
				CODE_SIGN_STYLE = Automatic;
				CURRENT_PROJECT_VERSION = 1;
				DEVELOPMENT_TEAM = "";
				INFOPLIST_FILE = Info.plist;
				LD_RUNPATH_SEARCH_PATHS = (
					"$(inherited)",
					"@executable_path/Frameworks",
				);
				MARKETING_VERSION = 1.0.0;
				PRODUCT_BUNDLE_IDENTIFIER = com.hcpilot.app;
				SDKROOT = iphoneos;
				SWIFT_VERSION = 5.9;
				TARGETED_DEVICE_FAMILY = "1,2";
			};
			name = Release;
		};
		B65DAF9559D292D244C2D1F0 /* Debug */ = {
			isa = XCBuildConfiguration;
			buildSettings = {
				BUNDLE_LOADER = "$(TEST_HOST)";
				GENERATE_INFOPLIST_FILE = YES;
				LD_RUNPATH_SEARCH_PATHS = (
					"$(inherited)",
					"@executable_path/Frameworks",
					"@loader_path/Frameworks",
				);
				PRODUCT_BUNDLE_IDENTIFIER = com.hcpilot.app.tests;
				SDKROOT = iphoneos;
				TARGETED_DEVICE_FAMILY = "1,2";
				TEST_HOST = "$(BUILT_PRODUCTS_DIR)/HCPilotApp.app/HCPilotApp";
			};
			name = Debug;
		};
		D821CBD08D0E15AE60D1D907 /* Debug */ = {
			isa = XCBuildConfiguration;
			buildSettings = {
				ALWAYS_SEARCH_USER_PATHS = NO;
				CLANG_ANALYZER_NONNULL = YES;
				CLANG_ANALYZER_NUMBER_OBJECT_CONVERSION = YES_AGGRESSIVE;
				CLANG_CXX_LANGUAGE_STANDARD = "gnu++14";
				CLANG_CXX_LIBRARY = "libc++";
				CLANG_ENABLE_MODULES = YES;
				CLANG_ENABLE_OBJC_ARC = YES;
				CLANG_ENABLE_OBJC_WEAK = YES;
				CLANG_WARN_BLOCK_CAPTURE_AUTORELEASING = YES;
				CLANG_WARN_BOOL_CONVERSION = YES;
				CLANG_WARN_COMMA = YES;
				CLANG_WARN_CONSTANT_CONVERSION = YES;
				CLANG_WARN_DEPRECATED_OBJC_IMPLEMENTATIONS = YES;
				CLANG_WARN_DIRECT_OBJC_ISA_USAGE = YES_ERROR;
				CLANG_WARN_DOCUMENTATION_COMMENTS = YES;
				CLANG_WARN_EMPTY_BODY = YES;
				CLANG_WARN_ENUM_CONVERSION = YES;
				CLANG_WARN_INFINITE_RECURSION = YES;
				CLANG_WARN_INT_CONVERSION = YES;
				CLANG_WARN_NON_LITERAL_NULL_CONVERSION = YES;
				CLANG_WARN_OBJC_IMPLICIT_RETAIN_SELF = YES;
				CLANG_WARN_OBJC_LITERAL_CONVERSION = YES;
				CLANG_WARN_OBJC_ROOT_CLASS = YES_ERROR;
				CLANG_WARN_QUOTED_INCLUDE_IN_FRAMEWORK_HEADER = YES;
				CLANG_WARN_RANGE_LOOP_ANALYSIS = YES;
				CLANG_WARN_STRICT_PROTOTYPES = YES;
				CLANG_WARN_SUSPICIOUS_MOVE = YES;
				CLANG_WARN_UNGUARDED_AVAILABILITY = YES_AGGRESSIVE;
				CLANG_WARN_UNREACHABLE_CODE = YES;
				CLANG_WARN__DUPLICATE_METHOD_MATCH = YES;
				COPY_PHASE_STRIP = NO;
				DEBUG_INFORMATION_FORMAT = dwarf;
				ENABLE_STRICT_OBJC_MSGSEND = YES;
				ENABLE_TESTABILITY = YES;
				GCC_C_LANGUAGE_STANDARD = gnu11;
				GCC_DYNAMIC_NO_PIC = NO;
				GCC_NO_COMMON_BLOCKS = YES;
				GCC_OPTIMIZATION_LEVEL = 0;
				GCC_PREPROCESSOR_DEFINITIONS = (
					"$(inherited)",
					"DEBUG=1",
				);
				GCC_WARN_64_TO_32_BIT_CONVERSION = YES;
				GCC_WARN_ABOUT_RETURN_TYPE = YES_ERROR;
				GCC_WARN_UNDECLARED_SELECTOR = YES;
				GCC_WARN_UNINITIALIZED_AUTOS = YES_AGGRESSIVE;
				GCC_WARN_UNUSED_FUNCTION = YES;
				GCC_WARN_UNUSED_VARIABLE = YES;
				IPHONEOS_DEPLOYMENT_TARGET = 18.0;
				MTL_ENABLE_DEBUG_INFO = INCLUDE_SOURCE;
				MTL_FAST_MATH = YES;
				ONLY_ACTIVE_ARCH = YES;
				PRODUCT_NAME = "$(TARGET_NAME)";
				SDKROOT = iphoneos;
				SWIFT_ACTIVE_COMPILATION_CONDITIONS = DEBUG;
				SWIFT_OPTIMIZATION_LEVEL = "-Onone";
				SWIFT_VERSION = 5.0;
			};
			name = Debug;
		};
		E16567682B2175915547932F /* Debug */ = {
			isa = XCBuildConfiguration;
			buildSettings = {
				ASSETCATALOG_COMPILER_APPICON_NAME = AppIcon;
				ASSETCATALOG_COMPILER_GLOBAL_ACCENT_COLOR_NAME = AccentColor;
				CODE_SIGN_IDENTITY = "iPhone Developer";
				CODE_SIGN_STYLE = Automatic;
				CURRENT_PROJECT_VERSION = 1;
				DEVELOPMENT_TEAM = "";
				INFOPLIST_FILE = Info.plist;
				LD_RUNPATH_SEARCH_PATHS = (
					"$(inherited)",
					"@executable_path/Frameworks",
				);
				MARKETING_VERSION = 1.0.0;
				PRODUCT_BUNDLE_IDENTIFIER = com.hcpilot.app;
				SDKROOT = iphoneos;
				SWIFT_VERSION = 5.9;
				TARGETED_DEVICE_FAMILY = "1,2";
			};
			name = Debug;
		};
		F53B55D2D6883E5669BF5893 /* Debug */ = {
			isa = XCBuildConfiguration;
			buildSettings = {
				BUNDLE_LOADER = "$(TEST_HOST)";
				GENERATE_INFOPLIST_FILE = YES;
				LD_RUNPATH_SEARCH_PATHS = (
					"$(inherited)",
					"@executable_path/Frameworks",
					"@loader_path/Frameworks",
				);
				PRODUCT_BUNDLE_IDENTIFIER = com.hcpilot.app.uitests;
				SDKROOT = iphoneos;
				TARGETED_DEVICE_FAMILY = "1,2";
				TEST_TARGET_NAME = HCPilotApp;
			};
			name = Debug;
		};
/* End XCBuildConfiguration section */

/* Begin XCConfigurationList section */
		2F29660596E3DBA1DC3F365C /* Build configuration list for PBXNativeTarget "HCPilotAppUITests" */ = {
			isa = XCConfigurationList;
			buildConfigurations = (
				F53B55D2D6883E5669BF5893 /* Debug */,
				782BA7178ED0CA920CFD6CA2 /* Release */,
			);
			defaultConfigurationIsVisible = 0;
			defaultConfigurationName = Debug;
		};
		340D1E23AF8958ACE91A1AAD /* Build configuration list for PBXNativeTarget "HCPilotApp" */ = {
			isa = XCConfigurationList;
			buildConfigurations = (
				E16567682B2175915547932F /* Debug */,
				9A018F361511DF6E18C72C84 /* Release */,
			);
			defaultConfigurationIsVisible = 0;
			defaultConfigurationName = Debug;
		};
		86B87EF6B840F1A97F564F3E /* Build configuration list for PBXNativeTarget "HCPilotAppTests" */ = {
			isa = XCConfigurationList;
			buildConfigurations = (
				B65DAF9559D292D244C2D1F0 /* Debug */,
				3F4DBF4991F7041A3D741AB8 /* Release */,
			);
			defaultConfigurationIsVisible = 0;
			defaultConfigurationName = Debug;
		};
		ABE3357AFFE86C0D522DA53A /* Build configuration list for PBXProject "HCPilot" */ = {
			isa = XCConfigurationList;
			buildConfigurations = (
				D821CBD08D0E15AE60D1D907 /* Debug */,
				1CFF7FB13E8C9DFFF594C083 /* Release */,
			);
			defaultConfigurationIsVisible = 0;
			defaultConfigurationName = Debug;
		};
/* End XCConfigurationList section */

/* Begin XCRemoteSwiftPackageReference section */
		1B89AC0A9C64CC944E4C6BBF /* XCRemoteSwiftPackageReference "Kingfisher" */ = {
			isa = XCRemoteSwiftPackageReference;
			repositoryURL = "https://github.com/onevcat/Kingfisher.git";
			requirement = {
				kind = upToNextMajorVersion;
				minimumVersion = 7.0.0;
			};
		};
		CCB0ECCD87D1BD62B20FADF2 /* XCRemoteSwiftPackageReference "Alamofire" */ = {
			isa = XCRemoteSwiftPackageReference;
			repositoryURL = "https://github.com/Alamofire/Alamofire.git";
			requirement = {
				kind = upToNextMajorVersion;
				minimumVersion = 5.8.0;
			};
		};
/* End XCRemoteSwiftPackageReference section */

/* Begin XCSwiftPackageProductDependency section */
		17058815E7B93C4DC1268B74 /* Alamofire */ = {
			isa = XCSwiftPackageProductDependency;
			package = CCB0ECCD87D1BD62B20FADF2 /* XCRemoteSwiftPackageReference "Alamofire" */;
			productName = Alamofire;
		};
		28440EE95B0E4FF7B1706FE5 /* Kingfisher */ = {
			isa = XCSwiftPackageProductDependency;
			package = 1B89AC0A9C64CC944E4C6BBF /* XCRemoteSwiftPackageReference "Kingfisher" */;
			productName = Kingfisher;
		};
/* End XCSwiftPackageProductDependency section */
	};
	rootObject = 1711541A29D203A6F1254807 /* Project object */;
}
